
Microsoft Visual Studio Solution File, Format Version 12.00
# Visual Studio Version 16
VisualStudioVersion = 16.0.31205.134
MinimumVisualStudioVersion = 10.0.40219.1
Project("{FAE04EC0-301F-11D3-BF4B-00C04F79EFBC}") = "JotunnModExample", "JotunnModExample.csproj", "{5251E23C-D96D-4750-8D73-DFD908DAAF3C}"
EndProject
Global
	GlobalSection(SolutionConfigurationPlatforms) = preSolution
		Debug|Any CPU = Debug|Any CPU
		Release|Any CPU = Release|Any CPU
	EndGlobalSection
	GlobalSection(ProjectConfigurationPlatforms) = postSolution
		{5251E23C-D96D-4750-8D73-DFD908DAAF3C}.Debug|Any CPU.ActiveCfg = Debug|Any CPU
		{5251E23C-D96D-4750-8D73-DFD908DAAF3C}.Debug|Any CPU.Build.0 = Debug|Any CPU
		{5251E23C-D96D-4750-8D73-DFD908DAAF3C}.Release|Any CPU.ActiveCfg = Release|Any CPU
		{5251E23C-D96D-4750-8D73-DFD908DAAF3C}.Release|Any CPU.Build.0 = Release|Any CPU
	EndGlobalSection
	GlobalSection(SolutionProperties) = preSolution
		HideSolutionNode = FALSE
	EndGlobalSection
	GlobalSection(ExtensibilityGlobals) = postSolution
		SolutionGuid = {05AA748F-CB32-4659-8D86-F1D2EED75F97}
	EndGlobalSection
EndGlobal
